
Microsoft Visual Studio Solution File, Format Version 12.00
# Visual Studio 15
VisualStudioVersion = 15.0.28307.1525
MinimumVisualStudioVersion = 10.0.40219.1
Project("{FAE04EC0-301F-11D3-BF4B-00C04F79EFBC}") = "npgsqlfail", "npgsqlfail\npgsqlfail.csproj", "{71D7B29F-F305-486B-A825-5D367FB2527D}"
EndProject
Global
	GlobalSection(SolutionConfigurationPlatforms) = preSolution
		Debug|Any CPU = Debug|Any CPU
		Release|Any CPU = Release|Any CPU
	EndGlobalSection
	GlobalSection(ProjectConfigurationPlatforms) = postSolution
		{71D7B29F-F305-486B-A825-5D367FB2527D}.Debug|Any CPU.ActiveCfg = Debug|Any CPU
		{71D7B29F-F305-486B-A825-5D367FB2527D}.Debug|Any CPU.Build.0 = Debug|Any CPU
		{71D7B29F-F305-486B-A825-5D367FB2527D}.Release|Any CPU.ActiveCfg = Release|Any CPU
		{71D7B29F-F305-486B-A825-5D367FB2527D}.Release|Any CPU.Build.0 = Release|Any CPU
	EndGlobalSection
	GlobalSection(SolutionProperties) = preSolution
		HideSolutionNode = FALSE
	EndGlobalSection
	GlobalSection(ExtensibilityGlobals) = postSolution
		SolutionGuid = {3650856C-3C63-443F-BEFE-F301035B5802}
	EndGlobalSection
EndGlobal
